
Microsoft Visual Studio Solution File, Format Version 12.00
# Visual Studio 15
VisualStudioVersion = 15.0.27703.2035
MinimumVisualStudioVersion = 10.0.40219.1
Project("{FAE04EC0-301F-11D3-BF4B-00C04F79EFBC}") = "Basilicum.Server", "Basilicum.Server\Basilicum.Server.csproj", "{D663CFE2-81B0-4413-BD19-5AF8EE314B8F}"
EndProject
Project("{E53339B2-1760-4266-BCC7-CA923CBCF16C}") = "docker-compose", "docker-compose.dcproj", "{ACA52A81-0996-424C-821A-786A5972D9BC}"
EndProject
Global
	GlobalSection(SolutionConfigurationPlatforms) = preSolution
		Debug|Any CPU = Debug|Any CPU
		Release|Any CPU = Release|Any CPU
	EndGlobalSection
	GlobalSection(ProjectConfigurationPlatforms) = postSolution
		{D663CFE2-81B0-4413-BD19-5AF8EE314B8F}.Debug|Any CPU.ActiveCfg = Debug|Any CPU
		{D663CFE2-81B0-4413-BD19-5AF8EE314B8F}.Debug|Any CPU.Build.0 = Debug|Any CPU
		{D663CFE2-81B0-4413-BD19-5AF8EE314B8F}.Release|Any CPU.ActiveCfg = Release|Any CPU
		{D663CFE2-81B0-4413-BD19-5AF8EE314B8F}.Release|Any CPU.Build.0 = Release|Any CPU
		{ACA52A81-0996-424C-821A-786A5972D9BC}.Debug|Any CPU.ActiveCfg = Debug|Any CPU
		{ACA52A81-0996-424C-821A-786A5972D9BC}.Debug|Any CPU.Build.0 = Debug|Any CPU
		{ACA52A81-0996-424C-821A-786A5972D9BC}.Release|Any CPU.ActiveCfg = Release|Any CPU
		{ACA52A81-0996-424C-821A-786A5972D9BC}.Release|Any CPU.Build.0 = Release|Any CPU
	EndGlobalSection
	GlobalSection(SolutionProperties) = preSolution
		HideSolutionNode = FALSE
	EndGlobalSection
	GlobalSection(ExtensibilityGlobals) = postSolution
		SolutionGuid = {4ECA669A-C0F3-463C-9E80-133A9E311862}
	EndGlobalSection
EndGlobal
